
Microsoft Visual Studio Solution File, Format Version 12.00
# Visual Studio 15
VisualStudioVersion = 15.0.27703.2042
MinimumVisualStudioVersion = 10.0.40219.1
Project("{FAE04EC0-301F-11D3-BF4B-00C04F79EFBC}") = "01_Value_Types_Unit_Tests", "01_Value_Types_Unit_Tests\01_Value_Types_Unit_Tests.csproj", "{7EB05C41-0518-4624-B618-5190B0A5F2E1}"
EndProject
Project("{FAE04EC0-301F-11D3-BF4B-00C04F79EFBC}") = "02_Reference_Types_Demo", "02_Reference_Types_Demo\02_Reference_Types_Demo.csproj", "{889B622D-E6E0-4E9A-9245-F47A811DCD4B}"
EndProject
Project("{FAE04EC0-301F-11D3-BF4B-00C04F79EFBC}") = "02_Reference_Types_Tests", "02_Reference_Types_Tests\02_Reference_Types_Tests.csproj", "{6329C758-33C3-4F6B-BF22-CCE96D5CD683}"
EndProject
Project("{FAE04EC0-301F-11D3-BF4B-00C04F79EFBC}") = "03_OOP_Defining_Classes_Exercise_1", "03_OOP_Defining_Classes_Exercise_1\03_OOP_Defining_Classes_Exercise_1.csproj", "{F065846B-F4DB-4591-80DA-1754B8B8EEBB}"
EndProject
Project("{FAE04EC0-301F-11D3-BF4B-00C04F79EFBC}") = "03_OOP_Defining_Classes_Unit_Tests", "03_OOP_Defining_Classes_Unit_Tests\03_OOP_Defining_Classes_Unit_Tests.csproj", "{C74E934C-4E83-4A14-B39F-610F7BCA4231}"
EndProject
Project("{FAE04EC0-301F-11D3-BF4B-00C04F79EFBC}") = "03_OOP_Defining _Classes_Exercise_2", "03_OOP_Defining _Classes_Exercise_2\03_OOP_Defining _Classes_Exercise_2.csproj", "{63EFAE0C-FF9B-4D55-9F63-24174990C590}"
EndProject
Project("{FAE04EC0-301F-11D3-BF4B-00C04F79EFBC}") = "03_OOP_Defining_Classes_Exercise_3", "03_OOP_Defining_Classes_Exercise_3\03_OOP_Defining_Classes_Exercise_3.csproj", "{32A3D04D-FB83-43E3-B951-735E6EC24711}"
EndProject
Project("{FAE04EC0-301F-11D3-BF4B-00C04F79EFBC}") = "03_OOP_Defining_Classes_Exercise_1_Console", "03_OOP_Defining_Classes_Exercise_1_Console\03_OOP_Defining_Classes_Exercise_1_Console.csproj", "{DDF526A9-C438-4FB5-9DB1-EA5B90533A1F}"
EndProject
Project("{FAE04EC0-301F-11D3-BF4B-00C04F79EFBC}") = "03_OOP_Defining _Classes_Exercise_2_Console", "03_OOP_Defining _Classes_Exercise_2_Console\03_OOP_Defining _Classes_Exercise_2_Console.csproj", "{0AD79200-423A-4C99-A453-ACEACC8C7E20}"
EndProject
Project("{FAE04EC0-301F-11D3-BF4B-00C04F79EFBC}") = "Assessment_1", "Assessment_1\Assessment_1.csproj", "{5F9A678B-B065-4D26-81B4-686B39B7AC72}"
EndProject
Project("{FAE04EC0-301F-11D3-BF4B-00C04F79EFBC}") = "Assessment_1_Tests", "Assessment_1_Tests\Assessment_1_Tests.csproj", "{BBFDC5CB-10BF-46E5-828B-4B4DB595F935}"
EndProject
Project("{FAE04EC0-301F-11D3-BF4B-00C04F79EFBC}") = "04_OOP_Repository_Pattern_1", "04_OOP_Repository_Pattern_1\04_OOP_Repository_Pattern_1.csproj", "{B07872A0-3773-4E0B-8941-82362799459F}"
EndProject
Global
	GlobalSection(SolutionConfigurationPlatforms) = preSolution
		Debug|Any CPU = Debug|Any CPU
		Release|Any CPU = Release|Any CPU
	EndGlobalSection
	GlobalSection(ProjectConfigurationPlatforms) = postSolution
		{7EB05C41-0518-4624-B618-5190B0A5F2E1}.Debug|Any CPU.ActiveCfg = Debug|Any CPU
		{7EB05C41-0518-4624-B618-5190B0A5F2E1}.Debug|Any CPU.Build.0 = Debug|Any CPU
		{7EB05C41-0518-4624-B618-5190B0A5F2E1}.Release|Any CPU.ActiveCfg = Release|Any CPU
		{7EB05C41-0518-4624-B618-5190B0A5F2E1}.Release|Any CPU.Build.0 = Release|Any CPU
		{889B622D-E6E0-4E9A-9245-F47A811DCD4B}.Debug|Any CPU.ActiveCfg = Debug|Any CPU
		{889B622D-E6E0-4E9A-9245-F47A811DCD4B}.Debug|Any CPU.Build.0 = Debug|Any CPU
		{889B622D-E6E0-4E9A-9245-F47A811DCD4B}.Release|Any CPU.ActiveCfg = Release|Any CPU
		{889B622D-E6E0-4E9A-9245-F47A811DCD4B}.Release|Any CPU.Build.0 = Release|Any CPU
		{6329C758-33C3-4F6B-BF22-CCE96D5CD683}.Debug|Any CPU.ActiveCfg = Debug|Any CPU
		{6329C758-33C3-4F6B-BF22-CCE96D5CD683}.Debug|Any CPU.Build.0 = Debug|Any CPU
		{6329C758-33C3-4F6B-BF22-CCE96D5CD683}.Release|Any CPU.ActiveCfg = Release|Any CPU
		{6329C758-33C3-4F6B-BF22-CCE96D5CD683}.Release|Any CPU.Build.0 = Release|Any CPU
		{F065846B-F4DB-4591-80DA-1754B8B8EEBB}.Debug|Any CPU.ActiveCfg = Debug|Any CPU
		{F065846B-F4DB-4591-80DA-1754B8B8EEBB}.Debug|Any CPU.Build.0 = Debug|Any CPU
		{F065846B-F4DB-4591-80DA-1754B8B8EEBB}.Release|Any CPU.ActiveCfg = Release|Any CPU
		{F065846B-F4DB-4591-80DA-1754B8B8EEBB}.Release|Any CPU.Build.0 = Release|Any CPU
		{C74E934C-4E83-4A14-B39F-610F7BCA4231}.Debug|Any CPU.ActiveCfg = Debug|Any CPU
		{C74E934C-4E83-4A14-B39F-610F7BCA4231}.Debug|Any CPU.Build.0 = Debug|Any CPU
		{C74E934C-4E83-4A14-B39F-610F7BCA4231}.Release|Any CPU.ActiveCfg = Release|Any CPU
		{C74E934C-4E83-4A14-B39F-610F7BCA4231}.Release|Any CPU.Build.0 = Release|Any CPU
		{63EFAE0C-FF9B-4D55-9F63-24174990C590}.Debug|Any CPU.ActiveCfg = Debug|Any CPU
		{63EFAE0C-FF9B-4D55-9F63-24174990C590}.Debug|Any CPU.Build.0 = Debug|Any CPU
		{63EFAE0C-FF9B-4D55-9F63-24174990C590}.Release|Any CPU.ActiveCfg = Release|Any CPU
		{63EFAE0C-FF9B-4D55-9F63-24174990C590}.Release|Any CPU.Build.0 = Release|Any CPU
		{32A3D04D-FB83-43E3-B951-735E6EC24711}.Debug|Any CPU.ActiveCfg = Debug|Any CPU
		{32A3D04D-FB83-43E3-B951-735E6EC24711}.Debug|Any CPU.Build.0 = Debug|Any CPU
		{32A3D04D-FB83-43E3-B951-735E6EC24711}.Release|Any CPU.ActiveCfg = Release|Any CPU
		{32A3D04D-FB83-43E3-B951-735E6EC24711}.Release|Any CPU.Build.0 = Release|Any CPU
		{DDF526A9-C438-4FB5-9DB1-EA5B90533A1F}.Debug|Any CPU.ActiveCfg = Debug|Any CPU
		{DDF526A9-C438-4FB5-9DB1-EA5B90533A1F}.Debug|Any CPU.Build.0 = Debug|Any CPU
		{DDF526A9-C438-4FB5-9DB1-EA5B90533A1F}.Release|Any CPU.ActiveCfg = Release|Any CPU
		{DDF526A9-C438-4FB5-9DB1-EA5B90533A1F}.Release|Any CPU.Build.0 = Release|Any CPU
		{0AD79200-423A-4C99-A453-ACEACC8C7E20}.Debug|Any CPU.ActiveCfg = Debug|Any CPU
		{0AD79200-423A-4C99-A453-ACEACC8C7E20}.Debug|Any CPU.Build.0 = Debug|Any CPU
		{0AD79200-423A-4C99-A453-ACEACC8C7E20}.Release|Any CPU.ActiveCfg = Release|Any CPU
		{0AD79200-423A-4C99-A453-ACEACC8C7E20}.Release|Any CPU.Build.0 = Release|Any CPU
		{5F9A678B-B065-4D26-81B4-686B39B7AC72}.Debug|Any CPU.ActiveCfg = Debug|Any CPU
		{5F9A678B-B065-4D26-81B4-686B39B7AC72}.Debug|Any CPU.Build.0 = Debug|Any CPU
		{5F9A678B-B065-4D26-81B4-686B39B7AC72}.Release|Any CPU.ActiveCfg = Release|Any CPU
		{5F9A678B-B065-4D26-81B4-686B39B7AC72}.Release|Any CPU.Build.0 = Release|Any CPU
		{BBFDC5CB-10BF-46E5-828B-4B4DB595F935}.Debug|Any CPU.ActiveCfg = Debug|Any CPU
		{BBFDC5CB-10BF-46E5-828B-4B4DB595F935}.Debug|Any CPU.Build.0 = Debug|Any CPU
		{BBFDC5CB-10BF-46E5-828B-4B4DB595F935}.Release|Any CPU.ActiveCfg = Release|Any CPU
		{BBFDC5CB-10BF-46E5-828B-4B4DB595F935}.Release|Any CPU.Build.0 = Release|Any CPU
		{B07872A0-3773-4E0B-8941-82362799459F}.Debug|Any CPU.ActiveCfg = Debug|Any CPU
		{B07872A0-3773-4E0B-8941-82362799459F}.Debug|Any CPU.Build.0 = Debug|Any CPU
		{B07872A0-3773-4E0B-8941-82362799459F}.Release|Any CPU.ActiveCfg = Release|Any CPU
		{B07872A0-3773-4E0B-8941-82362799459F}.Release|Any CPU.Build.0 = Release|Any CPU
	EndGlobalSection
	GlobalSection(SolutionProperties) = preSolution
		HideSolutionNode = FALSE
	EndGlobalSection
	GlobalSection(ExtensibilityGlobals) = postSolution
		SolutionGuid = {9E7C7BDC-4CF9-4D2D-BA9B-09CD871789B8}
	EndGlobalSection
EndGlobal
